// !$*UTF8*$!
{
	archiveVersion = 1;
	classes = {
	};
	objectVersion = 50;
	objects = {

/* Begin PBXFileReference section */
		4819CD312184A3DC00520DF6 /* struct_pile.h */ = {isa = PBXFileReference; lastKnownFileType = sourcecode.c.h; name = struct_pile.h; path = ../struct_pile.h; sourceTree = "<group>"; };
		4819CD322184A3DC00520DF6 /* int_tab.c */ = {isa = PBXFileReference; lastKnownFileType = sourcecode.c.c; name = int_tab.c; path = ../int_tab.c; sourceTree = "<group>"; };
		4819CD332184A3DC00520DF6 /* main.c */ = {isa = PBXFileReference; lastKnownFileType = sourcecode.c.c; name = main.c; path = ../main.c; sourceTree = "<group>"; };
		4819CD342184A3DC00520DF6 /* struct_pile.c */ = {isa = PBXFileReference; lastKnownFileType = sourcecode.c.c; name = struct_pile.c; path = ../struct_pile.c; sourceTree = "<group>"; };
		4819CD352184A3DC00520DF6 /* int_tab.h */ = {isa = PBXFileReference; lastKnownFileType = sourcecode.c.h; name = int_tab.h; path = ../int_tab.h; sourceTree = "<group>"; };
		4838CD2D2185C62E0021A01E /* struct_file.c */ = {isa = PBXFileReference; lastKnownFileType = sourcecode.c.c; name = struct_file.c; path = ../struct_file.c; sourceTree = "<group>"; };
		4838CD2E2185C65D0021A01E /* struct_file.h */ = {isa = PBXFileReference; lastKnownFileType = sourcecode.c.h; name = struct_file.h; path = ../struct_file.h; sourceTree = "<group>"; };
		4838CD2F2185CDD40021A01E /* makefile */ = {isa = PBXFileReference; lastKnownFileType = sourcecode.make; name = makefile; path = ../makefile; sourceTree = "<group>"; };
/* End PBXFileReference section */

/* Begin PBXGroup section */
		4819CD2A2184A34B00520DF6 = {
			isa = PBXGroup;
			children = (
				4838CD2E2185C65D0021A01E /* struct_file.h */,
				4838CD2F2185CDD40021A01E /* makefile */,
				4838CD2D2185C62E0021A01E /* struct_file.c */,
				4819CD322184A3DC00520DF6 /* int_tab.c */,
				4819CD352184A3DC00520DF6 /* int_tab.h */,
				4819CD332184A3DC00520DF6 /* main.c */,
				4819CD342184A3DC00520DF6 /* struct_pile.c */,
				4819CD312184A3DC00520DF6 /* struct_pile.h */,
			);
			sourceTree = "<group>";
		};
/* End PBXGroup section */

/* Begin PBXProject section */
		4819CD2B2184A34B00520DF6 /* Project object */ = {
			isa = PBXProject;
			attributes = {
				LastUpgradeCheck = 1000;
			};
			buildConfigurationList = 4819CD2E2184A34B00520DF6 /* Build configuration list for PBXProject "outils_c" */;
			compatibilityVersion = "Xcode 9.3";
			developmentRegion = en;
			hasScannedForEncodings = 0;
			knownRegions = (
				en,
			);
			mainGroup = 4819CD2A2184A34B00520DF6;
			projectDirPath = "";
			projectRoot = "";
			targets = (
			);
		};
/* End PBXProject section */

/* Begin XCBuildConfiguration section */
		4819CD2F2184A34B00520DF6 /* Debug */ = {
			isa = XCBuildConfiguration;
			buildSettings = {
			};
			name = Debug;
		};
		4819CD302184A34B00520DF6 /* Release */ = {
			isa = XCBuildConfiguration;
			buildSettings = {
			};
			name = Release;
		};
/* End XCBuildConfiguration section */

/* Begin XCConfigurationList section */
		4819CD2E2184A34B00520DF6 /* Build configuration list for PBXProject "outils_c" */ = {
			isa = XCConfigurationList;
			buildConfigurations = (
				4819CD2F2184A34B00520DF6 /* Debug */,
				4819CD302184A34B00520DF6 /* Release */,
			);
			defaultConfigurationIsVisible = 0;
			defaultConfigurationName = Release;
		};
/* End XCConfigurationList section */
	};
	rootObject = 4819CD2B2184A34B00520DF6 /* Project object */;
}
